
Microsoft Visual Studio Solution File, Format Version 12.00
# Visual Studio Version 17
VisualStudioVersion = 17.8.34330.188
MinimumVisualStudioVersion = 10.0.40219.1
Project("{FAE04EC0-301F-11D3-BF4B-00C04F79EFBC}") = "Asignación No. 5", "Asignación No. 5\Asignación No. 5.csproj", "{245799C6-8B47-4129-932D-50865E7CA013}"
EndProject
Global
	GlobalSection(SolutionConfigurationPlatforms) = preSolution
		Debug|Any CPU = Debug|Any CPU
		Release|Any CPU = Release|Any CPU
	EndGlobalSection
	GlobalSection(ProjectConfigurationPlatforms) = postSolution
		{245799C6-8B47-4129-932D-50865E7CA013}.Debug|Any CPU.ActiveCfg = Debug|Any CPU
		{245799C6-8B47-4129-932D-50865E7CA013}.Debug|Any CPU.Build.0 = Debug|Any CPU
		{245799C6-8B47-4129-932D-50865E7CA013}.Release|Any CPU.ActiveCfg = Release|Any CPU
		{245799C6-8B47-4129-932D-50865E7CA013}.Release|Any CPU.Build.0 = Release|Any CPU
	EndGlobalSection
	GlobalSection(SolutionProperties) = preSolution
		HideSolutionNode = FALSE
	EndGlobalSection
	GlobalSection(ExtensibilityGlobals) = postSolution
		SolutionGuid = {47328322-B4FB-4EFF-B9FA-42061C86DB97}
	EndGlobalSection
EndGlobal
